
Microsoft Visual Studio Solution File, Format Version 12.00
# Visual Studio Version 17
VisualStudioVersion = 17.9.34622.214
MinimumVisualStudioVersion = 10.0.40219.1
Project("{8BC9CEB8-8B4A-11D0-8D11-00A0C91BC942}") = "Module 4 Exam Programming", "Module 4 Exam Programming\Module 4 Exam Programming.vcxproj", "{A406A240-1304-4DCD-A343-D62A5073FD19}"
EndProject
Global
	GlobalSection(SolutionConfigurationPlatforms) = preSolution
		Debug|x64 = Debug|x64
		Debug|x86 = Debug|x86
		Release|x64 = Release|x64
		Release|x86 = Release|x86
	EndGlobalSection
	GlobalSection(ProjectConfigurationPlatforms) = postSolution
		{A406A240-1304-4DCD-A343-D62A5073FD19}.Debug|x64.ActiveCfg = Debug|x64
		{A406A240-1304-4DCD-A343-D62A5073FD19}.Debug|x64.Build.0 = Debug|x64
		{A406A240-1304-4DCD-A343-D62A5073FD19}.Debug|x86.ActiveCfg = Debug|Win32
		{A406A240-1304-4DCD-A343-D62A5073FD19}.Debug|x86.Build.0 = Debug|Win32
		{A406A240-1304-4DCD-A343-D62A5073FD19}.Release|x64.ActiveCfg = Release|x64
		{A406A240-1304-4DCD-A343-D62A5073FD19}.Release|x64.Build.0 = Release|x64
		{A406A240-1304-4DCD-A343-D62A5073FD19}.Release|x86.ActiveCfg = Release|Win32
		{A406A240-1304-4DCD-A343-D62A5073FD19}.Release|x86.Build.0 = Release|Win32
	EndGlobalSection
	GlobalSection(SolutionProperties) = preSolution
		HideSolutionNode = FALSE
	EndGlobalSection
	GlobalSection(ExtensibilityGlobals) = postSolution
		SolutionGuid = {D3FB5999-C482-4DFB-8E4F-9E98FA484E38}
	EndGlobalSection
EndGlobal
